
Microsoft Visual Studio Solution File, Format Version 12.00
# Visual Studio 15
VisualStudioVersion = 15.0.28010.2046
MinimumVisualStudioVersion = 10.0.40219.1
Project("{FAE04EC0-301F-11D3-BF4B-00C04F79EFBC}") = "StackTask1", "StackTask1\StackTask1.csproj", "{D5C11131-615B-4343-8AFE-A311443BD240}"
EndProject
Project("{FAE04EC0-301F-11D3-BF4B-00C04F79EFBC}") = "Stack Task2", "Stack Task2\Stack Task2.csproj", "{19A671A0-62BA-4515-8820-24B4EFBC2940}"
EndProject
Global
	GlobalSection(SolutionConfigurationPlatforms) = preSolution
		Debug|Any CPU = Debug|Any CPU
		Release|Any CPU = Release|Any CPU
	EndGlobalSection
	GlobalSection(ProjectConfigurationPlatforms) = postSolution
		{D5C11131-615B-4343-8AFE-A311443BD240}.Debug|Any CPU.ActiveCfg = Debug|Any CPU
		{D5C11131-615B-4343-8AFE-A311443BD240}.Debug|Any CPU.Build.0 = Debug|Any CPU
		{D5C11131-615B-4343-8AFE-A311443BD240}.Release|Any CPU.ActiveCfg = Release|Any CPU
		{D5C11131-615B-4343-8AFE-A311443BD240}.Release|Any CPU.Build.0 = Release|Any CPU
		{19A671A0-62BA-4515-8820-24B4EFBC2940}.Debug|Any CPU.ActiveCfg = Debug|Any CPU
		{19A671A0-62BA-4515-8820-24B4EFBC2940}.Debug|Any CPU.Build.0 = Debug|Any CPU
		{19A671A0-62BA-4515-8820-24B4EFBC2940}.Release|Any CPU.ActiveCfg = Release|Any CPU
		{19A671A0-62BA-4515-8820-24B4EFBC2940}.Release|Any CPU.Build.0 = Release|Any CPU
	EndGlobalSection
	GlobalSection(SolutionProperties) = preSolution
		HideSolutionNode = FALSE
	EndGlobalSection
	GlobalSection(ExtensibilityGlobals) = postSolution
		SolutionGuid = {7DA243AE-EEB7-4631-B4D5-CE3BFB715415}
	EndGlobalSection
EndGlobal
